
Microsoft Visual Studio Solution File, Format Version 12.00
# Visual Studio Version 16
VisualStudioVersion = 16.0.30404.54
MinimumVisualStudioVersion = 10.0.40219.1
Project("{9A19103F-16F7-4668-BE54-9A1E7A4F7556}") = "Church.Web", "church.Web\Church.Web.csproj", "{3C1AC7E3-74B1-4B7D-A879-5EED587C0F0C}"
EndProject
Project("{9A19103F-16F7-4668-BE54-9A1E7A4F7556}") = "Church.Common", "church.Common\Church.Common.csproj", "{A716CABB-CB00-4E9A-80F7-25A77C6B58CF}"
EndProject
Project("{FAE04EC0-301F-11D3-BF4B-00C04F79EFBC}") = "Church.Prism", "Church.Prism\Church.Prism\Church.Prism.csproj", "{D0AB890B-924A-482C-92D4-9F2962A3C826}"
EndProject
Project("{FAE04EC0-301F-11D3-BF4B-00C04F79EFBC}") = "Church.Prism.Android", "Church.Prism\Church.Prism.Android\Church.Prism.Android.csproj", "{78AD74FD-745D-461C-A95A-0DCA1C49A877}"
EndProject
Project("{FAE04EC0-301F-11D3-BF4B-00C04F79EFBC}") = "Church.Prism.iOS", "Church.Prism\Church.Prism.iOS\Church.Prism.iOS.csproj", "{2E893B83-8568-4254-9FA4-D75C7F9B8638}"
EndProject
Global
	GlobalSection(SolutionConfigurationPlatforms) = preSolution
		Ad-Hoc|Any CPU = Ad-Hoc|Any CPU
		Ad-Hoc|iPhone = Ad-Hoc|iPhone
		Ad-Hoc|iPhoneSimulator = Ad-Hoc|iPhoneSimulator
		AppStore|Any CPU = AppStore|Any CPU
		AppStore|iPhone = AppStore|iPhone
		AppStore|iPhoneSimulator = AppStore|iPhoneSimulator
		Debug|Any CPU = Debug|Any CPU
		Debug|iPhone = Debug|iPhone
		Debug|iPhoneSimulator = Debug|iPhoneSimulator
		Release|Any CPU = Release|Any CPU
		Release|iPhone = Release|iPhone
		Release|iPhoneSimulator = Release|iPhoneSimulator
	EndGlobalSection
	GlobalSection(ProjectConfigurationPlatforms) = postSolution
		{3C1AC7E3-74B1-4B7D-A879-5EED587C0F0C}.Ad-Hoc|Any CPU.ActiveCfg = Release|Any CPU
		{3C1AC7E3-74B1-4B7D-A879-5EED587C0F0C}.Ad-Hoc|Any CPU.Build.0 = Release|Any CPU
		{3C1AC7E3-74B1-4B7D-A879-5EED587C0F0C}.Ad-Hoc|iPhone.ActiveCfg = Release|Any CPU
		{3C1AC7E3-74B1-4B7D-A879-5EED587C0F0C}.Ad-Hoc|iPhone.Build.0 = Release|Any CPU
		{3C1AC7E3-74B1-4B7D-A879-5EED587C0F0C}.Ad-Hoc|iPhoneSimulator.ActiveCfg = Release|Any CPU
		{3C1AC7E3-74B1-4B7D-A879-5EED587C0F0C}.Ad-Hoc|iPhoneSimulator.Build.0 = Release|Any CPU
		{3C1AC7E3-74B1-4B7D-A879-5EED587C0F0C}.AppStore|Any CPU.ActiveCfg = Release|Any CPU
		{3C1AC7E3-74B1-4B7D-A879-5EED587C0F0C}.AppStore|Any CPU.Build.0 = Release|Any CPU
		{3C1AC7E3-74B1-4B7D-A879-5EED587C0F0C}.AppStore|iPhone.ActiveCfg = Release|Any CPU
		{3C1AC7E3-74B1-4B7D-A879-5EED587C0F0C}.AppStore|iPhone.Build.0 = Release|Any CPU
		{3C1AC7E3-74B1-4B7D-A879-5EED587C0F0C}.AppStore|iPhoneSimulator.ActiveCfg = Release|Any CPU
		{3C1AC7E3-74B1-4B7D-A879-5EED587C0F0C}.AppStore|iPhoneSimulator.Build.0 = Release|Any CPU
		{3C1AC7E3-74B1-4B7D-A879-5EED587C0F0C}.Debug|Any CPU.ActiveCfg = Debug|Any CPU
		{3C1AC7E3-74B1-4B7D-A879-5EED587C0F0C}.Debug|Any CPU.Build.0 = Debug|Any CPU
		{3C1AC7E3-74B1-4B7D-A879-5EED587C0F0C}.Debug|iPhone.ActiveCfg = Debug|Any CPU
		{3C1AC7E3-74B1-4B7D-A879-5EED587C0F0C}.Debug|iPhone.Build.0 = Debug|Any CPU
		{3C1AC7E3-74B1-4B7D-A879-5EED587C0F0C}.Debug|iPhoneSimulator.ActiveCfg = Debug|Any CPU
		{3C1AC7E3-74B1-4B7D-A879-5EED587C0F0C}.Debug|iPhoneSimulator.Build.0 = Debug|Any CPU
		{3C1AC7E3-74B1-4B7D-A879-5EED587C0F0C}.Release|Any CPU.ActiveCfg = Release|Any CPU
		{3C1AC7E3-74B1-4B7D-A879-5EED587C0F0C}.Release|Any CPU.Build.0 = Release|Any CPU
		{3C1AC7E3-74B1-4B7D-A879-5EED587C0F0C}.Release|iPhone.ActiveCfg = Release|Any CPU
		{3C1AC7E3-74B1-4B7D-A879-5EED587C0F0C}.Release|iPhone.Build.0 = Release|Any CPU
		{3C1AC7E3-74B1-4B7D-A879-5EED587C0F0C}.Release|iPhoneSimulator.ActiveCfg = Release|Any CPU
		{3C1AC7E3-74B1-4B7D-A879-5EED587C0F0C}.Release|iPhoneSimulator.Build.0 = Release|Any CPU
		{A716CABB-CB00-4E9A-80F7-25A77C6B58CF}.Ad-Hoc|Any CPU.ActiveCfg = Release|Any CPU
		{A716CABB-CB00-4E9A-80F7-25A77C6B58CF}.Ad-Hoc|Any CPU.Build.0 = Release|Any CPU
		{A716CABB-CB00-4E9A-80F7-25A77C6B58CF}.Ad-Hoc|iPhone.ActiveCfg = Release|Any CPU
		{A716CABB-CB00-4E9A-80F7-25A77C6B58CF}.Ad-Hoc|iPhone.Build.0 = Release|Any CPU
		{A716CABB-CB00-4E9A-80F7-25A77C6B58CF}.Ad-Hoc|iPhoneSimulator.ActiveCfg = Release|Any CPU
		{A716CABB-CB00-4E9A-80F7-25A77C6B58CF}.Ad-Hoc|iPhoneSimulator.Build.0 = Release|Any CPU
		{A716CABB-CB00-4E9A-80F7-25A77C6B58CF}.AppStore|Any CPU.ActiveCfg = Release|Any CPU
		{A716CABB-CB00-4E9A-80F7-25A77C6B58CF}.AppStore|Any CPU.Build.0 = Release|Any CPU
		{A716CABB-CB00-4E9A-80F7-25A77C6B58CF}.AppStore|iPhone.ActiveCfg = Release|Any CPU
		{A716CABB-CB00-4E9A-80F7-25A77C6B58CF}.AppStore|iPhone.Build.0 = Release|Any CPU
		{A716CABB-CB00-4E9A-80F7-25A77C6B58CF}.AppStore|iPhoneSimulator.ActiveCfg = Release|Any CPU
		{A716CABB-CB00-4E9A-80F7-25A77C6B58CF}.AppStore|iPhoneSimulator.Build.0 = Release|Any CPU
		{A716CABB-CB00-4E9A-80F7-25A77C6B58CF}.Debug|Any CPU.ActiveCfg = Debug|Any CPU
		{A716CABB-CB00-4E9A-80F7-25A77C6B58CF}.Debug|Any CPU.Build.0 = Debug|Any CPU
		{A716CABB-CB00-4E9A-80F7-25A77C6B58CF}.Debug|iPhone.ActiveCfg = Debug|Any CPU
		{A716CABB-CB00-4E9A-80F7-25A77C6B58CF}.Debug|iPhone.Build.0 = Debug|Any CPU
		{A716CABB-CB00-4E9A-80F7-25A77C6B58CF}.Debug|iPhoneSimulator.ActiveCfg = Debug|Any CPU
		{A716CABB-CB00-4E9A-80F7-25A77C6B58CF}.Debug|iPhoneSimulator.Build.0 = Debug|Any CPU
		{A716CABB-CB00-4E9A-80F7-25A77C6B58CF}.Release|Any CPU.ActiveCfg = Release|Any CPU
		{A716CABB-CB00-4E9A-80F7-25A77C6B58CF}.Release|Any CPU.Build.0 = Release|Any CPU
		{A716CABB-CB00-4E9A-80F7-25A77C6B58CF}.Release|iPhone.ActiveCfg = Release|Any CPU
		{A716CABB-CB00-4E9A-80F7-25A77C6B58CF}.Release|iPhone.Build.0 = Release|Any CPU
		{A716CABB-CB00-4E9A-80F7-25A77C6B58CF}.Release|iPhoneSimulator.ActiveCfg = Release|Any CPU
		{A716CABB-CB00-4E9A-80F7-25A77C6B58CF}.Release|iPhoneSimulator.Build.0 = Release|Any CPU
		{D0AB890B-924A-482C-92D4-9F2962A3C826}.Ad-Hoc|Any CPU.ActiveCfg = Debug|Any CPU
		{D0AB890B-924A-482C-92D4-9F2962A3C826}.Ad-Hoc|Any CPU.Build.0 = Debug|Any CPU
		{D0AB890B-924A-482C-92D4-9F2962A3C826}.Ad-Hoc|iPhone.ActiveCfg = Debug|Any CPU
		{D0AB890B-924A-482C-92D4-9F2962A3C826}.Ad-Hoc|iPhone.Build.0 = Debug|Any CPU
		{D0AB890B-924A-482C-92D4-9F2962A3C826}.Ad-Hoc|iPhoneSimulator.ActiveCfg = Debug|Any CPU
		{D0AB890B-924A-482C-92D4-9F2962A3C826}.Ad-Hoc|iPhoneSimulator.Build.0 = Debug|Any CPU
		{D0AB890B-924A-482C-92D4-9F2962A3C826}.AppStore|Any CPU.ActiveCfg = Debug|Any CPU
		{D0AB890B-924A-482C-92D4-9F2962A3C826}.AppStore|Any CPU.Build.0 = Debug|Any CPU
		{D0AB890B-924A-482C-92D4-9F2962A3C826}.AppStore|iPhone.ActiveCfg = Debug|Any CPU
		{D0AB890B-924A-482C-92D4-9F2962A3C826}.AppStore|iPhone.Build.0 = Debug|Any CPU
		{D0AB890B-924A-482C-92D4-9F2962A3C826}.AppStore|iPhoneSimulator.ActiveCfg = Debug|Any CPU
		{D0AB890B-924A-482C-92D4-9F2962A3C826}.AppStore|iPhoneSimulator.Build.0 = Debug|Any CPU
		{D0AB890B-924A-482C-92D4-9F2962A3C826}.Debug|Any CPU.ActiveCfg = Debug|Any CPU
		{D0AB890B-924A-482C-92D4-9F2962A3C826}.Debug|Any CPU.Build.0 = Debug|Any CPU
		{D0AB890B-924A-482C-92D4-9F2962A3C826}.Debug|iPhone.ActiveCfg = Debug|Any CPU
		{D0AB890B-924A-482C-92D4-9F2962A3C826}.Debug|iPhone.Build.0 = Debug|Any CPU
		{D0AB890B-924A-482C-92D4-9F2962A3C826}.Debug|iPhoneSimulator.ActiveCfg = Debug|Any CPU
		{D0AB890B-924A-482C-92D4-9F2962A3C826}.Debug|iPhoneSimulator.Build.0 = Debug|Any CPU
		{D0AB890B-924A-482C-92D4-9F2962A3C826}.Release|Any CPU.ActiveCfg = Release|Any CPU
		{D0AB890B-924A-482C-92D4-9F2962A3C826}.Release|Any CPU.Build.0 = Release|Any CPU
		{D0AB890B-924A-482C-92D4-9F2962A3C826}.Release|iPhone.ActiveCfg = Release|Any CPU
		{D0AB890B-924A-482C-92D4-9F2962A3C826}.Release|iPhone.Build.0 = Release|Any CPU
		{D0AB890B-924A-482C-92D4-9F2962A3C826}.Release|iPhoneSimulator.ActiveCfg = Release|Any CPU
		{D0AB890B-924A-482C-92D4-9F2962A3C826}.Release|iPhoneSimulator.Build.0 = Release|Any CPU
		{78AD74FD-745D-461C-A95A-0DCA1C49A877}.Ad-Hoc|Any CPU.ActiveCfg = Release|Any CPU
		{78AD74FD-745D-461C-A95A-0DCA1C49A877}.Ad-Hoc|Any CPU.Build.0 = Release|Any CPU
		{78AD74FD-745D-461C-A95A-0DCA1C49A877}.Ad-Hoc|Any CPU.Deploy.0 = Release|Any CPU
		{78AD74FD-745D-461C-A95A-0DCA1C49A877}.Ad-Hoc|iPhone.ActiveCfg = Release|Any CPU
		{78AD74FD-745D-461C-A95A-0DCA1C49A877}.Ad-Hoc|iPhone.Build.0 = Release|Any CPU
		{78AD74FD-745D-461C-A95A-0DCA1C49A877}.Ad-Hoc|iPhone.Deploy.0 = Release|Any CPU
		{78AD74FD-745D-461C-A95A-0DCA1C49A877}.Ad-Hoc|iPhoneSimulator.ActiveCfg = Release|Any CPU
		{78AD74FD-745D-461C-A95A-0DCA1C49A877}.Ad-Hoc|iPhoneSimulator.Build.0 = Release|Any CPU
		{78AD74FD-745D-461C-A95A-0DCA1C49A877}.Ad-Hoc|iPhoneSimulator.Deploy.0 = Release|Any CPU
		{78AD74FD-745D-461C-A95A-0DCA1C49A877}.AppStore|Any CPU.ActiveCfg = Release|Any CPU
		{78AD74FD-745D-461C-A95A-0DCA1C49A877}.AppStore|Any CPU.Build.0 = Release|Any CPU
		{78AD74FD-745D-461C-A95A-0DCA1C49A877}.AppStore|Any CPU.Deploy.0 = Release|Any CPU
		{78AD74FD-745D-461C-A95A-0DCA1C49A877}.AppStore|iPhone.ActiveCfg = Release|Any CPU
		{78AD74FD-745D-461C-A95A-0DCA1C49A877}.AppStore|iPhone.Build.0 = Release|Any CPU
		{78AD74FD-745D-461C-A95A-0DCA1C49A877}.AppStore|iPhone.Deploy.0 = Release|Any CPU
		{78AD74FD-745D-461C-A95A-0DCA1C49A877}.AppStore|iPhoneSimulator.ActiveCfg = Release|Any CPU
		{78AD74FD-745D-461C-A95A-0DCA1C49A877}.AppStore|iPhoneSimulator.Build.0 = Release|Any CPU
		{78AD74FD-745D-461C-A95A-0DCA1C49A877}.AppStore|iPhoneSimulator.Deploy.0 = Release|Any CPU
		{78AD74FD-745D-461C-A95A-0DCA1C49A877}.Debug|Any CPU.ActiveCfg = Debug|Any CPU
		{78AD74FD-745D-461C-A95A-0DCA1C49A877}.Debug|Any CPU.Build.0 = Debug|Any CPU
		{78AD74FD-745D-461C-A95A-0DCA1C49A877}.Debug|Any CPU.Deploy.0 = Debug|Any CPU
		{78AD74FD-745D-461C-A95A-0DCA1C49A877}.Debug|iPhone.ActiveCfg = Debug|Any CPU
		{78AD74FD-745D-461C-A95A-0DCA1C49A877}.Debug|iPhone.Build.0 = Debug|Any CPU
		{78AD74FD-745D-461C-A95A-0DCA1C49A877}.Debug|iPhone.Deploy.0 = Debug|Any CPU
		{78AD74FD-745D-461C-A95A-0DCA1C49A877}.Debug|iPhoneSimulator.ActiveCfg = Debug|Any CPU
		{78AD74FD-745D-461C-A95A-0DCA1C49A877}.Debug|iPhoneSimulator.Build.0 = Debug|Any CPU
		{78AD74FD-745D-461C-A95A-0DCA1C49A877}.Debug|iPhoneSimulator.Deploy.0 = Debug|Any CPU
		{78AD74FD-745D-461C-A95A-0DCA1C49A877}.Release|Any CPU.ActiveCfg = Release|Any CPU
		{78AD74FD-745D-461C-A95A-0DCA1C49A877}.Release|Any CPU.Build.0 = Release|Any CPU
		{78AD74FD-745D-461C-A95A-0DCA1C49A877}.Release|Any CPU.Deploy.0 = Release|Any CPU
		{78AD74FD-745D-461C-A95A-0DCA1C49A877}.Release|iPhone.ActiveCfg = Release|Any CPU
		{78AD74FD-745D-461C-A95A-0DCA1C49A877}.Release|iPhone.Build.0 = Release|Any CPU
		{78AD74FD-745D-461C-A95A-0DCA1C49A877}.Release|iPhone.Deploy.0 = Release|Any CPU
		{78AD74FD-745D-461C-A95A-0DCA1C49A877}.Release|iPhoneSimulator.ActiveCfg = Release|Any CPU
		{78AD74FD-745D-461C-A95A-0DCA1C49A877}.Release|iPhoneSimulator.Build.0 = Release|Any CPU
		{78AD74FD-745D-461C-A95A-0DCA1C49A877}.Release|iPhoneSimulator.Deploy.0 = Release|Any CPU
		{2E893B83-8568-4254-9FA4-D75C7F9B8638}.Ad-Hoc|Any CPU.ActiveCfg = Ad-Hoc|iPhone
		{2E893B83-8568-4254-9FA4-D75C7F9B8638}.Ad-Hoc|iPhone.ActiveCfg = Ad-Hoc|iPhone
		{2E893B83-8568-4254-9FA4-D75C7F9B8638}.Ad-Hoc|iPhone.Build.0 = Ad-Hoc|iPhone
		{2E893B83-8568-4254-9FA4-D75C7F9B8638}.Ad-Hoc|iPhoneSimulator.ActiveCfg = Ad-Hoc|iPhoneSimulator
		{2E893B83-8568-4254-9FA4-D75C7F9B8638}.Ad-Hoc|iPhoneSimulator.Build.0 = Ad-Hoc|iPhoneSimulator
		{2E893B83-8568-4254-9FA4-D75C7F9B8638}.AppStore|Any CPU.ActiveCfg = AppStore|iPhone
		{2E893B83-8568-4254-9FA4-D75C7F9B8638}.AppStore|iPhone.ActiveCfg = AppStore|iPhone
		{2E893B83-8568-4254-9FA4-D75C7F9B8638}.AppStore|iPhone.Build.0 = AppStore|iPhone
		{2E893B83-8568-4254-9FA4-D75C7F9B8638}.AppStore|iPhoneSimulator.ActiveCfg = AppStore|iPhoneSimulator
		{2E893B83-8568-4254-9FA4-D75C7F9B8638}.AppStore|iPhoneSimulator.Build.0 = AppStore|iPhoneSimulator
		{2E893B83-8568-4254-9FA4-D75C7F9B8638}.Debug|Any CPU.ActiveCfg = Debug|iPhone
		{2E893B83-8568-4254-9FA4-D75C7F9B8638}.Debug|iPhone.ActiveCfg = Debug|iPhone
		{2E893B83-8568-4254-9FA4-D75C7F9B8638}.Debug|iPhone.Build.0 = Debug|iPhone
		{2E893B83-8568-4254-9FA4-D75C7F9B8638}.Debug|iPhoneSimulator.ActiveCfg = Debug|iPhoneSimulator
		{2E893B83-8568-4254-9FA4-D75C7F9B8638}.Debug|iPhoneSimulator.Build.0 = Debug|iPhoneSimulator
		{2E893B83-8568-4254-9FA4-D75C7F9B8638}.Release|Any CPU.ActiveCfg = Release|iPhone
		{2E893B83-8568-4254-9FA4-D75C7F9B8638}.Release|iPhone.ActiveCfg = Release|iPhone
		{2E893B83-8568-4254-9FA4-D75C7F9B8638}.Release|iPhone.Build.0 = Release|iPhone
		{2E893B83-8568-4254-9FA4-D75C7F9B8638}.Release|iPhoneSimulator.ActiveCfg = Release|iPhoneSimulator
		{2E893B83-8568-4254-9FA4-D75C7F9B8638}.Release|iPhoneSimulator.Build.0 = Release|iPhoneSimulator
	EndGlobalSection
	GlobalSection(SolutionProperties) = preSolution
		HideSolutionNode = FALSE
	EndGlobalSection
	GlobalSection(ExtensibilityGlobals) = postSolution
		SolutionGuid = {5579885C-C3FD-49DB-B93E-D3F3244FEB30}
	EndGlobalSection
EndGlobal
